// !$*UTF8*$!
{
	archiveVersion = 1;
	classes = {
	};
	objectVersion = 46;
	objects = {

/* Begin PBXBuildFile section */
		1831F8391B408246000937C6 /* main.m in Sources */ = {isa = PBXBuildFile; fileRef = 1831F8381B408246000937C6 /* main.m */; };
		1831F83C1B408246000937C6 /* AppDelegate.m in Sources */ = {isa = PBXBuildFile; fileRef = 1831F83B1B408246000937C6 /* AppDelegate.m */; };
		1831F8421B408246000937C6 /* Main.storyboard in Resources */ = {isa = PBXBuildFile; fileRef = 1831F8401B408246000937C6 /* Main.storyboard */; };
		1831F8441B408246000937C6 /* Images.xcassets in Resources */ = {isa = PBXBuildFile; fileRef = 1831F8431B408246000937C6 /* Images.xcassets */; };
		1831F8471B408246000937C6 /* LaunchScreen.xib in Resources */ = {isa = PBXBuildFile; fileRef = 1831F8451B408246000937C6 /* LaunchScreen.xib */; };
		1831F8531B408246000937C6 /* BudsiesDemoAppTests.m in Sources */ = {isa = PBXBuildFile; fileRef = 1831F8521B408246000937C6 /* BudsiesDemoAppTests.m */; };
		1831F85F1B408528000937C6 /* ImageCell.m in Sources */ = {isa = PBXBuildFile; fileRef = 1831F85D1B408528000937C6 /* ImageCell.m */; };
		1831F8601B408528000937C6 /* ImageCell.xib in Resources */ = {isa = PBXBuildFile; fileRef = 1831F85E1B408528000937C6 /* ImageCell.xib */; };
		189562321B408837007DEC4D /* SelectImageViewController.m in Sources */ = {isa = PBXBuildFile; fileRef = 189562311B408837007DEC4D /* SelectImageViewController.m */; };
		189562351B4094A7007DEC4D /* BudsieViewController.m in Sources */ = {isa = PBXBuildFile; fileRef = 189562341B4094A7007DEC4D /* BudsieViewController.m */; };
		46EF3183AE84EE3257A56C32 /* libPods.a in Frameworks */ = {isa = PBXBuildFile; fileRef = 2F34355646ABBEF58456FE40 /* libPods.a */; };
		C87BF24E7C2E4856F6879F99 /* image4.jpg in Resources */ = {isa = PBXBuildFile; fileRef = C87BFF83E07CB8A9C1220868 /* image4.jpg */; };
		C87BF25B211250A52D288862 /* image1.jpg in Resources */ = {isa = PBXBuildFile; fileRef = C87BF6514B9A790C038268D1 /* image1.jpg */; };
		C87BF7FD3C3D7CDC81C03F11 /* image5.jpg in Resources */ = {isa = PBXBuildFile; fileRef = C87BFCA347F1A747AFC4D417 /* image5.jpg */; };
		C87BF86B1FD6D9ABBDBF5A9A /* image2.jpg in Resources */ = {isa = PBXBuildFile; fileRef = C87BF5BD167A0750D306A33B /* image2.jpg */; };
		C87BFCC36277E7F0420F0452 /* image3.jpg in Resources */ = {isa = PBXBuildFile; fileRef = C87BFEC70BA281D6BB93B6B2 /* image3.jpg */; };
		C87BFF27CB9F7EC37BC9B399 /* BudsieOrderData.m in Sources */ = {isa = PBXBuildFile; fileRef = C87BFDD1B1B19AE9B9D3AA27 /* BudsieOrderData.m */; };
/* End PBXBuildFile section */

/* Begin PBXContainerItemProxy section */
		1831F84D1B408246000937C6 /* PBXContainerItemProxy */ = {
			isa = PBXContainerItemProxy;
			containerPortal = 1831F82B1B408246000937C6 /* Project object */;
			proxyType = 1;
			remoteGlobalIDString = 1831F8321B408246000937C6;
			remoteInfo = BudsiesDemoApp;
		};
/* End PBXContainerItemProxy section */

/* Begin PBXFileReference section */
		1831F8331B408246000937C6 /* BudsiesDemoApp.app */ = {isa = PBXFileReference; explicitFileType = wrapper.application; includeInIndex = 0; path = BudsiesDemoApp.app; sourceTree = BUILT_PRODUCTS_DIR; };
		1831F8371B408246000937C6 /* Info.plist */ = {isa = PBXFileReference; lastKnownFileType = text.plist.xml; path = Info.plist; sourceTree = "<group>"; };
		1831F8381B408246000937C6 /* main.m */ = {isa = PBXFileReference; lastKnownFileType = sourcecode.c.objc; path = main.m; sourceTree = "<group>"; };
		1831F83A1B408246000937C6 /* AppDelegate.h */ = {isa = PBXFileReference; lastKnownFileType = sourcecode.c.h; path = AppDelegate.h; sourceTree = "<group>"; };
		1831F83B1B408246000937C6 /* AppDelegate.m */ = {isa = PBXFileReference; lastKnownFileType = sourcecode.c.objc; path = AppDelegate.m; sourceTree = "<group>"; };
		1831F8411B408246000937C6 /* Base */ = {isa = PBXFileReference; lastKnownFileType = file.storyboard; name = Base; path = Base.lproj/Main.storyboard; sourceTree = "<group>"; };
		1831F8431B408246000937C6 /* Images.xcassets */ = {isa = PBXFileReference; lastKnownFileType = folder.assetcatalog; path = Images.xcassets; sourceTree = "<group>"; };
		1831F8461B408246000937C6 /* Base */ = {isa = PBXFileReference; lastKnownFileType = file.xib; name = Base; path = Base.lproj/LaunchScreen.xib; sourceTree = "<group>"; };
		1831F84C1B408246000937C6 /* BudsiesDemoAppTests.xctest */ = {isa = PBXFileReference; explicitFileType = wrapper.cfbundle; includeInIndex = 0; path = BudsiesDemoAppTests.xctest; sourceTree = BUILT_PRODUCTS_DIR; };
		1831F8511B408246000937C6 /* Info.plist */ = {isa = PBXFileReference; lastKnownFileType = text.plist.xml; path = Info.plist; sourceTree = "<group>"; };
		1831F8521B408246000937C6 /* BudsiesDemoAppTests.m */ = {isa = PBXFileReference; lastKnownFileType = sourcecode.c.objc; path = BudsiesDemoAppTests.m; sourceTree = "<group>"; };
		1831F85C1B408528000937C6 /* ImageCell.h */ = {isa = PBXFileReference; fileEncoding = 4; lastKnownFileType = sourcecode.c.h; path = ImageCell.h; sourceTree = "<group>"; };
		1831F85D1B408528000937C6 /* ImageCell.m */ = {isa = PBXFileReference; fileEncoding = 4; lastKnownFileType = sourcecode.c.objc; path = ImageCell.m; sourceTree = "<group>"; };
		1831F85E1B408528000937C6 /* ImageCell.xib */ = {isa = PBXFileReference; fileEncoding = 4; lastKnownFileType = file.xib; path = ImageCell.xib; sourceTree = "<group>"; };
		189562301B408837007DEC4D /* SelectImageViewController.h */ = {isa = PBXFileReference; fileEncoding = 4; lastKnownFileType = sourcecode.c.h; path = SelectImageViewController.h; sourceTree = "<group>"; };
		189562311B408837007DEC4D /* SelectImageViewController.m */ = {isa = PBXFileReference; fileEncoding = 4; lastKnownFileType = sourcecode.c.objc; path = SelectImageViewController.m; sourceTree = "<group>"; };
		189562331B4094A7007DEC4D /* BudsieViewController.h */ = {isa = PBXFileReference; fileEncoding = 4; lastKnownFileType = sourcecode.c.h; path = BudsieViewController.h; sourceTree = "<group>"; };
		189562341B4094A7007DEC4D /* BudsieViewController.m */ = {isa = PBXFileReference; fileEncoding = 4; lastKnownFileType = sourcecode.c.objc; path = BudsieViewController.m; sourceTree = "<group>"; };
		2F34355646ABBEF58456FE40 /* libPods.a */ = {isa = PBXFileReference; explicitFileType = archive.ar; includeInIndex = 0; path = libPods.a; sourceTree = BUILT_PRODUCTS_DIR; };
		4CE70998A32BEE906247797A /* Pods.debug.xcconfig */ = {isa = PBXFileReference; includeInIndex = 1; lastKnownFileType = text.xcconfig; name = Pods.debug.xcconfig; path = "Pods/Target Support Files/Pods/Pods.debug.xcconfig"; sourceTree = "<group>"; };
		C87BF5BD167A0750D306A33B /* image2.jpg */ = {isa = PBXFileReference; lastKnownFileType = image.jpeg; path = image2.jpg; sourceTree = "<group>"; };
		C87BF6514B9A790C038268D1 /* image1.jpg */ = {isa = PBXFileReference; lastKnownFileType = image.jpeg; path = image1.jpg; sourceTree = "<group>"; };
		C87BF814C5298FCEDB8C84D1 /* BudsieOrderData.h */ = {isa = PBXFileReference; fileEncoding = 4; lastKnownFileType = sourcecode.c.h; path = BudsieOrderData.h; sourceTree = "<group>"; };
		C87BFCA347F1A747AFC4D417 /* image5.jpg */ = {isa = PBXFileReference; lastKnownFileType = image.jpeg; path = image5.jpg; sourceTree = "<group>"; };
		C87BFDD1B1B19AE9B9D3AA27 /* BudsieOrderData.m */ = {isa = PBXFileReference; fileEncoding = 4; lastKnownFileType = sourcecode.c.objc; path = BudsieOrderData.m; sourceTree = "<group>"; };
		C87BFEC70BA281D6BB93B6B2 /* image3.jpg */ = {isa = PBXFileReference; lastKnownFileType = image.jpeg; path = image3.jpg; sourceTree = "<group>"; };
		C87BFF83E07CB8A9C1220868 /* image4.jpg */ = {isa = PBXFileReference; lastKnownFileType = image.jpeg; path = image4.jpg; sourceTree = "<group>"; };
		FB90946393999EFF06E6CE9B /* Pods.release.xcconfig */ = {isa = PBXFileReference; includeInIndex = 1; lastKnownFileType = text.xcconfig; name = Pods.release.xcconfig; path = "Pods/Target Support Files/Pods/Pods.release.xcconfig"; sourceTree = "<group>"; };
/* End PBXFileReference section */

/* Begin PBXFrameworksBuildPhase section */
		1831F8301B408246000937C6 /* Frameworks */ = {
			isa = PBXFrameworksBuildPhase;
			buildActionMask = 2147483647;
			files = (
				46EF3183AE84EE3257A56C32 /* libPods.a in Frameworks */,
			);
			runOnlyForDeploymentPostprocessing = 0;
		};
		1831F8491B408246000937C6 /* Frameworks */ = {
			isa = PBXFrameworksBuildPhase;
			buildActionMask = 2147483647;
			files = (
			);
			runOnlyForDeploymentPostprocessing = 0;
		};
/* End PBXFrameworksBuildPhase section */

/* Begin PBXGroup section */
		11394ED2EA799131A17E5C55 /* Frameworks */ = {
			isa = PBXGroup;
			children = (
				2F34355646ABBEF58456FE40 /* libPods.a */,
			);
			name = Frameworks;
			sourceTree = "<group>";
		};
		1831F82A1B408246000937C6 = {
			isa = PBXGroup;
			children = (
				1831F8351B408246000937C6 /* BudsiesDemoApp */,
				1831F84F1B408246000937C6 /* BudsiesDemoAppTests */,
				1831F8341B408246000937C6 /* Products */,
				A2CB11795F3203F000ABC5CA /* Pods */,
				11394ED2EA799131A17E5C55 /* Frameworks */,
			);
			sourceTree = "<group>";
		};
		1831F8341B408246000937C6 /* Products */ = {
			isa = PBXGroup;
			children = (
				1831F8331B408246000937C6 /* BudsiesDemoApp.app */,
				1831F84C1B408246000937C6 /* BudsiesDemoAppTests.xctest */,
			);
			name = Products;
			sourceTree = "<group>";
		};
		1831F8351B408246000937C6 /* BudsiesDemoApp */ = {
			isa = PBXGroup;
			children = (
				1831F83A1B408246000937C6 /* AppDelegate.h */,
				1831F83B1B408246000937C6 /* AppDelegate.m */,
				1831F8401B408246000937C6 /* Main.storyboard */,
				1831F8431B408246000937C6 /* Images.xcassets */,
				1831F8451B408246000937C6 /* LaunchScreen.xib */,
				1831F8361B408246000937C6 /* Supporting Files */,
				C87BFF4DFBF33682F5E426D3 /* Views */,
				C87BFC9242DE5BD7DEFF8DA3 /* Controllers */,
				C87BFE5643C8B2DA270ACE1E /* Models */,
			);
			path = BudsiesDemoApp;
			sourceTree = "<group>";
		};
		1831F8361B408246000937C6 /* Supporting Files */ = {
			isa = PBXGroup;
			children = (
				1831F8371B408246000937C6 /* Info.plist */,
				1831F8381B408246000937C6 /* main.m */,
				C87BF34283EB4194B2FF6AB7 /* Images */,
			);
			name = "Supporting Files";
			sourceTree = "<group>";
		};
		1831F84F1B408246000937C6 /* BudsiesDemoAppTests */ = {
			isa = PBXGroup;
			children = (
				1831F8521B408246000937C6 /* BudsiesDemoAppTests.m */,
				1831F8501B408246000937C6 /* Supporting Files */,
			);
			path = BudsiesDemoAppTests;
			sourceTree = "<group>";
		};
		1831F8501B408246000937C6 /* Supporting Files */ = {
			isa = PBXGroup;
			children = (
				1831F8511B408246000937C6 /* Info.plist */,
			);
			name = "Supporting Files";
			sourceTree = "<group>";
		};
		A2CB11795F3203F000ABC5CA /* Pods */ = {
			isa = PBXGroup;
			children = (
				4CE70998A32BEE906247797A /* Pods.debug.xcconfig */,
				FB90946393999EFF06E6CE9B /* Pods.release.xcconfig */,
			);
			name = Pods;
			sourceTree = "<group>";
		};
		C87BF34283EB4194B2FF6AB7 /* Images */ = {
			isa = PBXGroup;
			children = (
				C87BF6514B9A790C038268D1 /* image1.jpg */,
				C87BF5BD167A0750D306A33B /* image2.jpg */,
				C87BFEC70BA281D6BB93B6B2 /* image3.jpg */,
				C87BFF83E07CB8A9C1220868 /* image4.jpg */,
				C87BFCA347F1A747AFC4D417 /* image5.jpg */,
			);
			name = Images;
			sourceTree = "<group>";
		};
		C87BFC9242DE5BD7DEFF8DA3 /* Controllers */ = {
			isa = PBXGroup;
			children = (
				189562301B408837007DEC4D /* SelectImageViewController.h */,
				189562311B408837007DEC4D /* SelectImageViewController.m */,
				189562331B4094A7007DEC4D /* BudsieViewController.h */,
				189562341B4094A7007DEC4D /* BudsieViewController.m */,
			);
			path = Controllers;
			sourceTree = "<group>";
		};
		C87BFE5643C8B2DA270ACE1E /* Models */ = {
			isa = PBXGroup;
			children = (
				C87BFDD1B1B19AE9B9D3AA27 /* BudsieOrderData.m */,
				C87BF814C5298FCEDB8C84D1 /* BudsieOrderData.h */,
			);
			path = Models;
			sourceTree = "<group>";
		};
		C87BFF4DFBF33682F5E426D3 /* Views */ = {
			isa = PBXGroup;
			children = (
				1831F85C1B408528000937C6 /* ImageCell.h */,
				1831F85D1B408528000937C6 /* ImageCell.m */,
				1831F85E1B408528000937C6 /* ImageCell.xib */,
			);
			path = Views;
			sourceTree = "<group>";
		};
/* End PBXGroup section */

/* Begin PBXNativeTarget section */
		1831F8321B408246000937C6 /* BudsiesDemoApp */ = {
			isa = PBXNativeTarget;
			buildConfigurationList = 1831F8561B408246000937C6 /* Build configuration list for PBXNativeTarget "BudsiesDemoApp" */;
			buildPhases = (
				9025D456183BA0B3FA5199F9 /* Check Pods Manifest.lock */,
				1831F82F1B408246000937C6 /* Sources */,
				1831F8301B408246000937C6 /* Frameworks */,
				1831F8311B408246000937C6 /* Resources */,
				ECF98F459AC9251240250D58 /* Copy Pods Resources */,
				189562361B41BDA7007DEC4D /* ShellScript */,
			);
			buildRules = (
			);
			dependencies = (
			);
			name = BudsiesDemoApp;
			productName = BudsiesDemoApp;
			productReference = 1831F8331B408246000937C6 /* BudsiesDemoApp.app */;
			productType = "com.apple.product-type.application";
		};
		1831F84B1B408246000937C6 /* BudsiesDemoAppTests */ = {
			isa = PBXNativeTarget;
			buildConfigurationList = 1831F8591B408246000937C6 /* Build configuration list for PBXNativeTarget "BudsiesDemoAppTests" */;
			buildPhases = (
				1831F8481B408246000937C6 /* Sources */,
				1831F8491B408246000937C6 /* Frameworks */,
				1831F84A1B408246000937C6 /* Resources */,
			);
			buildRules = (
			);
			dependencies = (
				1831F84E1B408246000937C6 /* PBXTargetDependency */,
			);
			name = BudsiesDemoAppTests;
			productName = BudsiesDemoAppTests;
			productReference = 1831F84C1B408246000937C6 /* BudsiesDemoAppTests.xctest */;
			productType = "com.apple.product-type.bundle.unit-test";
		};
/* End PBXNativeTarget section */

/* Begin PBXProject section */
		1831F82B1B408246000937C6 /* Project object */ = {
			isa = PBXProject;
			attributes = {
				LastUpgradeCheck = 0630;
				ORGANIZATIONNAME = "Paul D";
				TargetAttributes = {
					1831F8321B408246000937C6 = {
						CreatedOnToolsVersion = 6.3.2;
						DevelopmentTeam = 3XRVV9F9JS;
					};
					1831F84B1B408246000937C6 = {
						CreatedOnToolsVersion = 6.3.2;
						TestTargetID = 1831F8321B408246000937C6;
					};
				};
			};
			buildConfigurationList = 1831F82E1B408246000937C6 /* Build configuration list for PBXProject "BudsiesDemoApp" */;
			compatibilityVersion = "Xcode 3.2";
			developmentRegion = English;
			hasScannedForEncodings = 0;
			knownRegions = (
				en,
				Base,
			);
			mainGroup = 1831F82A1B408246000937C6;
			productRefGroup = 1831F8341B408246000937C6 /* Products */;
			projectDirPath = "";
			projectRoot = "";
			targets = (
				1831F8321B408246000937C6 /* BudsiesDemoApp */,
				1831F84B1B408246000937C6 /* BudsiesDemoAppTests */,
			);
		};
/* End PBXProject section */

/* Begin PBXResourcesBuildPhase section */
		1831F8311B408246000937C6 /* Resources */ = {
			isa = PBXResourcesBuildPhase;
			buildActionMask = 2147483647;
			files = (
				1831F8421B408246000937C6 /* Main.storyboard in Resources */,
				1831F8471B408246000937C6 /* LaunchScreen.xib in Resources */,
				1831F8441B408246000937C6 /* Images.xcassets in Resources */,
				C87BF25B211250A52D288862 /* image1.jpg in Resources */,
				C87BF86B1FD6D9ABBDBF5A9A /* image2.jpg in Resources */,
				C87BFCC36277E7F0420F0452 /* image3.jpg in Resources */,
				1831F8601B408528000937C6 /* ImageCell.xib in Resources */,
				C87BF24E7C2E4856F6879F99 /* image4.jpg in Resources */,
				C87BF7FD3C3D7CDC81C03F11 /* image5.jpg in Resources */,
			);
			runOnlyForDeploymentPostprocessing = 0;
		};
		1831F84A1B408246000937C6 /* Resources */ = {
			isa = PBXResourcesBuildPhase;
			buildActionMask = 2147483647;
			files = (
			);
			runOnlyForDeploymentPostprocessing = 0;
		};
/* End PBXResourcesBuildPhase section */

/* Begin PBXShellScriptBuildPhase section */
		189562361B41BDA7007DEC4D /* ShellScript */ = {
			isa = PBXShellScriptBuildPhase;
			buildActionMask = 2147483647;
			files = (
			);
			inputPaths = (
			);
			outputPaths = (
			);
			runOnlyForDeploymentPostprocessing = 0;
			shellPath = /bin/sh;
			shellScript = "./Pods/Fabric/Fabric.framework/run 42fe9e55667b26c69d3914a22fda1df848730d15 6a8d21c85d7c44f6b226a90ac421e3ae1fea197fda27c24eb4cce2f0ba0e14cf";
		};
		9025D456183BA0B3FA5199F9 /* Check Pods Manifest.lock */ = {
			isa = PBXShellScriptBuildPhase;
			buildActionMask = 2147483647;
			files = (
			);
			inputPaths = (
			);
			name = "Check Pods Manifest.lock";
			outputPaths = (
			);
			runOnlyForDeploymentPostprocessing = 0;
			shellPath = /bin/sh;
			shellScript = "diff \"${PODS_ROOT}/../Podfile.lock\" \"${PODS_ROOT}/Manifest.lock\" > /dev/null\nif [[ $? != 0 ]] ; then\n    cat << EOM\nerror: The sandbox is not in sync with the Podfile.lock. Run 'pod install' or update your CocoaPods installation.\nEOM\n    exit 1\nfi\n";
			showEnvVarsInLog = 0;
		};
		ECF98F459AC9251240250D58 /* Copy Pods Resources */ = {
			isa = PBXShellScriptBuildPhase;
			buildActionMask = 2147483647;
			files = (
			);
			inputPaths = (
			);
			name = "Copy Pods Resources";
			outputPaths = (
			);
			runOnlyForDeploymentPostprocessing = 0;
			shellPath = /bin/sh;
			shellScript = "\"${SRCROOT}/Pods/Target Support Files/Pods/Pods-resources.sh\"\n";
			showEnvVarsInLog = 0;
		};
/* End PBXShellScriptBuildPhase section */

/* Begin PBXSourcesBuildPhase section */
		1831F82F1B408246000937C6 /* Sources */ = {
			isa = PBXSourcesBuildPhase;
			buildActionMask = 2147483647;
			files = (
				189562351B4094A7007DEC4D /* BudsieViewController.m in Sources */,
				189562321B408837007DEC4D /* SelectImageViewController.m in Sources */,
				1831F85F1B408528000937C6 /* ImageCell.m in Sources */,
				1831F83C1B408246000937C6 /* AppDelegate.m in Sources */,
				1831F8391B408246000937C6 /* main.m in Sources */,
				C87BFF27CB9F7EC37BC9B399 /* BudsieOrderData.m in Sources */,
			);
			runOnlyForDeploymentPostprocessing = 0;
		};
		1831F8481B408246000937C6 /* Sources */ = {
			isa = PBXSourcesBuildPhase;
			buildActionMask = 2147483647;
			files = (
				1831F8531B408246000937C6 /* BudsiesDemoAppTests.m in Sources */,
			);
			runOnlyForDeploymentPostprocessing = 0;
		};
/* End PBXSourcesBuildPhase section */

/* Begin PBXTargetDependency section */
		1831F84E1B408246000937C6 /* PBXTargetDependency */ = {
			isa = PBXTargetDependency;
			target = 1831F8321B408246000937C6 /* BudsiesDemoApp */;
			targetProxy = 1831F84D1B408246000937C6 /* PBXContainerItemProxy */;
		};
/* End PBXTargetDependency section */

/* Begin PBXVariantGroup section */
		1831F8401B408246000937C6 /* Main.storyboard */ = {
			isa = PBXVariantGroup;
			children = (
				1831F8411B408246000937C6 /* Base */,
			);
			name = Main.storyboard;
			sourceTree = "<group>";
		};
		1831F8451B408246000937C6 /* LaunchScreen.xib */ = {
			isa = PBXVariantGroup;
			children = (
				1831F8461B408246000937C6 /* Base */,
			);
			name = LaunchScreen.xib;
			sourceTree = "<group>";
		};
/* End PBXVariantGroup section */

/* Begin XCBuildConfiguration section */
		1831F8541B408246000937C6 /* Debug */ = {
			isa = XCBuildConfiguration;
			buildSettings = {
				ALWAYS_SEARCH_USER_PATHS = NO;
				CLANG_CXX_LANGUAGE_STANDARD = "gnu++0x";
				CLANG_CXX_LIBRARY = "libc++";
				CLANG_ENABLE_MODULES = YES;
				CLANG_ENABLE_OBJC_ARC = YES;
				CLANG_WARN_BOOL_CONVERSION = YES;
				CLANG_WARN_CONSTANT_CONVERSION = YES;
				CLANG_WARN_DIRECT_OBJC_ISA_USAGE = YES_ERROR;
				CLANG_WARN_EMPTY_BODY = YES;
				CLANG_WARN_ENUM_CONVERSION = YES;
				CLANG_WARN_INT_CONVERSION = YES;
				CLANG_WARN_OBJC_ROOT_CLASS = YES_ERROR;
				CLANG_WARN_UNREACHABLE_CODE = YES;
				CLANG_WARN__DUPLICATE_METHOD_MATCH = YES;
				"CODE_SIGN_IDENTITY[sdk=iphoneos*]" = "iPhone Developer";
				COPY_PHASE_STRIP = NO;
				DEBUG_INFORMATION_FORMAT = "dwarf-with-dsym";
				ENABLE_STRICT_OBJC_MSGSEND = YES;
				GCC_C_LANGUAGE_STANDARD = gnu99;
				GCC_DYNAMIC_NO_PIC = NO;
				GCC_NO_COMMON_BLOCKS = YES;
				GCC_OPTIMIZATION_LEVEL = 0;
				GCC_PREPROCESSOR_DEFINITIONS = (
					"DEBUG=1",
					"$(inherited)",
				);
				GCC_SYMBOLS_PRIVATE_EXTERN = NO;
				GCC_WARN_64_TO_32_BIT_CONVERSION = YES;
				GCC_WARN_ABOUT_RETURN_TYPE = YES_ERROR;
				GCC_WARN_UNDECLARED_SELECTOR = YES;
				GCC_WARN_UNINITIALIZED_AUTOS = YES_AGGRESSIVE;
				GCC_WARN_UNUSED_FUNCTION = YES;
				GCC_WARN_UNUSED_VARIABLE = YES;
				IPHONEOS_DEPLOYMENT_TARGET = 8.3;
				MTL_ENABLE_DEBUG_INFO = YES;
				ONLY_ACTIVE_ARCH = YES;
				SDKROOT = iphoneos;
			};
			name = Debug;
		};
		1831F8551B408246000937C6 /* Release */ = {
			isa = XCBuildConfiguration;
			buildSettings = {
				ALWAYS_SEARCH_USER_PATHS = NO;
				CLANG_CXX_LANGUAGE_STANDARD = "gnu++0x";
				CLANG_CXX_LIBRARY = "libc++";
				CLANG_ENABLE_MODULES = YES;
				CLANG_ENABLE_OBJC_ARC = YES;
				CLANG_WARN_BOOL_CONVERSION = YES;
				CLANG_WARN_CONSTANT_CONVERSION = YES;
				CLANG_WARN_DIRECT_OBJC_ISA_USAGE = YES_ERROR;
				CLANG_WARN_EMPTY_BODY = YES;
				CLANG_WARN_ENUM_CONVERSION = YES;
				CLANG_WARN_INT_CONVERSION = YES;
				CLANG_WARN_OBJC_ROOT_CLASS = YES_ERROR;
				CLANG_WARN_UNREACHABLE_CODE = YES;
				CLANG_WARN__DUPLICATE_METHOD_MATCH = YES;
				"CODE_SIGN_IDENTITY[sdk=iphoneos*]" = "iPhone Developer";
				COPY_PHASE_STRIP = NO;
				DEBUG_INFORMATION_FORMAT = "dwarf-with-dsym";
				ENABLE_NS_ASSERTIONS = NO;
				ENABLE_STRICT_OBJC_MSGSEND = YES;
				GCC_C_LANGUAGE_STANDARD = gnu99;
				GCC_NO_COMMON_BLOCKS = YES;
				GCC_WARN_64_TO_32_BIT_CONVERSION = YES;
				GCC_WARN_ABOUT_RETURN_TYPE = YES_ERROR;
				GCC_WARN_UNDECLARED_SELECTOR = YES;
				GCC_WARN_UNINITIALIZED_AUTOS = YES_AGGRESSIVE;
				GCC_WARN_UNUSED_FUNCTION = YES;
				GCC_WARN_UNUSED_VARIABLE = YES;
				IPHONEOS_DEPLOYMENT_TARGET = 8.3;
				MTL_ENABLE_DEBUG_INFO = NO;
				SDKROOT = iphoneos;
				VALIDATE_PRODUCT = YES;
			};
			name = Release;
		};
		1831F8571B408246000937C6 /* Debug */ = {
			isa = XCBuildConfiguration;
			baseConfigurationReference = 4CE70998A32BEE906247797A /* Pods.debug.xcconfig */;
			buildSettings = {
				ASSETCATALOG_COMPILER_APPICON_NAME = AppIcon;
				CODE_SIGN_IDENTITY = "";
				"CODE_SIGN_IDENTITY[sdk=iphoneos*]" = "";
				FRAMEWORK_SEARCH_PATHS = (
					"$(inherited)",
					"$(PROJECT_DIR)/Pods/Fabric",
				);
				INFOPLIST_FILE = BudsiesDemoApp/Info.plist;
				LD_RUNPATH_SEARCH_PATHS = "$(inherited) @executable_path/Frameworks";
				PRODUCT_NAME = "$(TARGET_NAME)";
				PROVISIONING_PROFILE = "e47a5396-119a-4e9c-ac58-03b06aba0555";
			};
			name = Debug;
		};
		1831F8581B408246000937C6 /* Release */ = {
			isa = XCBuildConfiguration;
			baseConfigurationReference = FB90946393999EFF06E6CE9B /* Pods.release.xcconfig */;
			buildSettings = {
				ASSETCATALOG_COMPILER_APPICON_NAME = AppIcon;
				CODE_SIGN_IDENTITY = "";
				"CODE_SIGN_IDENTITY[sdk=iphoneos*]" = "";
				FRAMEWORK_SEARCH_PATHS = (
					"$(inherited)",
					"$(PROJECT_DIR)/Pods/Fabric",
				);
				INFOPLIST_FILE = BudsiesDemoApp/Info.plist;
				LD_RUNPATH_SEARCH_PATHS = "$(inherited) @executable_path/Frameworks";
				PRODUCT_NAME = "$(TARGET_NAME)";
				PROVISIONING_PROFILE = "2ccac81a-a6ee-48a4-9043-609589986397";
			};
			name = Release;
		};
		1831F85A1B408246000937C6 /* Debug */ = {
			isa = XCBuildConfiguration;
			buildSettings = {
				BUNDLE_LOADER = "$(TEST_HOST)";
				FRAMEWORK_SEARCH_PATHS = (
					"$(SDKROOT)/Developer/Library/Frameworks",
					"$(inherited)",
				);
				GCC_PREPROCESSOR_DEFINITIONS = (
					"DEBUG=1",
					"$(inherited)",
				);
				INFOPLIST_FILE = BudsiesDemoAppTests/Info.plist;
				LD_RUNPATH_SEARCH_PATHS = "$(inherited) @executable_path/Frameworks @loader_path/Frameworks";
				PRODUCT_NAME = "$(TARGET_NAME)";
				TEST_HOST = "$(BUILT_PRODUCTS_DIR)/BudsiesDemoApp.app/BudsiesDemoApp";
			};
			name = Debug;
		};
		1831F85B1B408246000937C6 /* Release */ = {
			isa = XCBuildConfiguration;
			buildSettings = {
				BUNDLE_LOADER = "$(TEST_HOST)";
				FRAMEWORK_SEARCH_PATHS = (
					"$(SDKROOT)/Developer/Library/Frameworks",
					"$(inherited)",
				);
				INFOPLIST_FILE = BudsiesDemoAppTests/Info.plist;
				LD_RUNPATH_SEARCH_PATHS = "$(inherited) @executable_path/Frameworks @loader_path/Frameworks";
				PRODUCT_NAME = "$(TARGET_NAME)";
				TEST_HOST = "$(BUILT_PRODUCTS_DIR)/BudsiesDemoApp.app/BudsiesDemoApp";
			};
			name = Release;
		};
/* End XCBuildConfiguration section */

/* Begin XCConfigurationList section */
		1831F82E1B408246000937C6 /* Build configuration list for PBXProject "BudsiesDemoApp" */ = {
			isa = XCConfigurationList;
			buildConfigurations = (
				1831F8541B408246000937C6 /* Debug */,
				1831F8551B408246000937C6 /* Release */,
			);
			defaultConfigurationIsVisible = 0;
			defaultConfigurationName = Release;
		};
		1831F8561B408246000937C6 /* Build configuration list for PBXNativeTarget "BudsiesDemoApp" */ = {
			isa = XCConfigurationList;
			buildConfigurations = (
				1831F8571B408246000937C6 /* Debug */,
				1831F8581B408246000937C6 /* Release */,
			);
			defaultConfigurationIsVisible = 0;
			defaultConfigurationName = Release;
		};
		1831F8591B408246000937C6 /* Build configuration list for PBXNativeTarget "BudsiesDemoAppTests" */ = {
			isa = XCConfigurationList;
			buildConfigurations = (
				1831F85A1B408246000937C6 /* Debug */,
				1831F85B1B408246000937C6 /* Release */,
			);
			defaultConfigurationIsVisible = 0;
			defaultConfigurationName = Release;
		};
/* End XCConfigurationList section */
	};
	rootObject = 1831F82B1B408246000937C6 /* Project object */;
}
